
Microsoft Visual Studio Solution File, Format Version 12.00
# Visual Studio 15
VisualStudioVersion = 15.0.26730.16
MinimumVisualStudioVersion = 10.0.40219.1
Project("{FAE04EC0-301F-11D3-BF4B-00C04F79EFBC}") = "DiscoBot", "DiscoBot\DiscoBot.csproj", "{73E15DEF-500E-41A5-B96D-0A9CE91928B8}"
EndProject
Global
	GlobalSection(SolutionConfigurationPlatforms) = preSolution
		Debug|Any CPU = Debug|Any CPU
		Release|Any CPU = Release|Any CPU
	EndGlobalSection
	GlobalSection(ProjectConfigurationPlatforms) = postSolution
		{73E15DEF-500E-41A5-B96D-0A9CE91928B8}.Debug|Any CPU.ActiveCfg = Debug|Any CPU
		{73E15DEF-500E-41A5-B96D-0A9CE91928B8}.Debug|Any CPU.Build.0 = Debug|Any CPU
		{73E15DEF-500E-41A5-B96D-0A9CE91928B8}.Release|Any CPU.ActiveCfg = Release|Any CPU
		{73E15DEF-500E-41A5-B96D-0A9CE91928B8}.Release|Any CPU.Build.0 = Release|Any CPU
	EndGlobalSection
	GlobalSection(SolutionProperties) = preSolution
		HideSolutionNode = FALSE
	EndGlobalSection
	GlobalSection(ExtensibilityGlobals) = postSolution
		SolutionGuid = {06D2F10A-84BB-41A8-BC91-889A64C01656}
	EndGlobalSection
EndGlobal
